
Microsoft Visual Studio Solution File, Format Version 12.00
# Visual Studio Version 16
VisualStudioVersion = 16.0.31321.278
MinimumVisualStudioVersion = 10.0.40219.1
Project("{FAE04EC0-301F-11D3-BF4B-00C04F79EFBC}") = "ws-controlEjemplo", "ws-controlEjemplo\ws-controlEjemplo.csproj", "{2042ABCC-0372-4E6B-B95D-A6E7399EE077}"
EndProject
Global
	GlobalSection(SolutionConfigurationPlatforms) = preSolution
		Debug|Any CPU = Debug|Any CPU
		Release|Any CPU = Release|Any CPU
	EndGlobalSection
	GlobalSection(ProjectConfigurationPlatforms) = postSolution
		{2042ABCC-0372-4E6B-B95D-A6E7399EE077}.Debug|Any CPU.ActiveCfg = Debug|Any CPU
		{2042ABCC-0372-4E6B-B95D-A6E7399EE077}.Debug|Any CPU.Build.0 = Debug|Any CPU
		{2042ABCC-0372-4E6B-B95D-A6E7399EE077}.Release|Any CPU.ActiveCfg = Release|Any CPU
		{2042ABCC-0372-4E6B-B95D-A6E7399EE077}.Release|Any CPU.Build.0 = Release|Any CPU
	EndGlobalSection
	GlobalSection(SolutionProperties) = preSolution
		HideSolutionNode = FALSE
	EndGlobalSection
	GlobalSection(ExtensibilityGlobals) = postSolution
		SolutionGuid = {BB328809-CC64-4ADE-866F-2F7D4B7D6C4F}
	EndGlobalSection
EndGlobal
